
Microsoft Visual Studio Solution File, Format Version 12.00
# Visual Studio 15
VisualStudioVersion = 15.0.28010.2019
MinimumVisualStudioVersion = 10.0.40219.1
Project("{FAE04EC0-301F-11D3-BF4B-00C04F79EFBC}") = "prueba", "prueba\prueba.csproj", "{C0BE9C54-79E0-43F9-94DF-50580031977A}"
EndProject
Global
	GlobalSection(SolutionConfigurationPlatforms) = preSolution
		Debug|Any CPU = Debug|Any CPU
		Release|Any CPU = Release|Any CPU
	EndGlobalSection
	GlobalSection(ProjectConfigurationPlatforms) = postSolution
		{C0BE9C54-79E0-43F9-94DF-50580031977A}.Debug|Any CPU.ActiveCfg = Debug|Any CPU
		{C0BE9C54-79E0-43F9-94DF-50580031977A}.Debug|Any CPU.Build.0 = Debug|Any CPU
		{C0BE9C54-79E0-43F9-94DF-50580031977A}.Release|Any CPU.ActiveCfg = Release|Any CPU
		{C0BE9C54-79E0-43F9-94DF-50580031977A}.Release|Any CPU.Build.0 = Release|Any CPU
	EndGlobalSection
	GlobalSection(SolutionProperties) = preSolution
		HideSolutionNode = FALSE
	EndGlobalSection
	GlobalSection(ExtensibilityGlobals) = postSolution
		SolutionGuid = {A2CB051E-7799-42D5-8DEF-038CC89FB9F9}
	EndGlobalSection
EndGlobal
